---
lockfileVersion: 1
lockfileVendor: redhat
arches:
- arch: x86_64
  packages:
  - url: https://cdn-ubi.redhat.com/content/public/ubi/dist/ubi9/9/x86_64/appstream/os/Packages/c/cargo-1.88.0-1.el9.x86_64.rpm
    repoid: ubi-9-appstream-rpms
    size: 8326606
    checksum: sha256:8d5b570c23f08d8e619cd9d69f4e6a25572cc4df0747f9cdc8c531621ce45480
    name: cargo
    evr: 1.88.0-1.el9
    sourcerpm: rust-1.88.0-1.el9.src.rpm
  - url: https://cdn-ubi.redhat.com/content/public/ubi/dist/ubi9/9/x86_64/appstream/os/Packages/c/cpp-11.5.0-11.el9.x86_64.rpm
    repoid: ubi-9-appstream-rpms
    size: 11224872
    checksum: sha256:421a6f9e65d57c0b34128d7c5712c6617d87f7fc2fa896feb291f01aede6c4d2
    name: cpp
    evr: 11.5.0-11.el9
    sourcerpm: gcc-11.5.0-11.el9.src.rpm
  - url: https://cdn-ubi.redhat.com/content/public/ubi/dist/ubi9/9/x86_64/appstream/os/Packages/g/gcc-11.5.0-11.el9.x86_64.rpm
    repoid: ubi-9-appstream-rpms
    size: 33986019
    checksum: sha256:9d6a29987112382e29640de757c7d6360b5742e8bded1696b335b5e98898acb9
    name: gcc
    evr: 11.5.0-11.el9
    sourcerpm: gcc-11.5.0-11.el9.src.rpm
  - url: https://cdn-ubi.redhat.com/content/public/ubi/dist/ubi9/9/x86_64/appstream/os/Packages/g/glibc-devel-2.34-231.el9_7.2.x86_64.rpm
    repoid: ubi-9-appstream-rpms
    size: 37885
    checksum: sha256:6468a64e723d9fff4921fe05b8b5117b19277999053b20d67416f727b2b8d3dd
    name: glibc-devel
    evr: 2.34-231.el9_7.2
    sourcerpm: glibc-2.34-231.el9_7.2.src.rpm
  - url: https://cdn-ubi.redhat.com/content/public/ubi/dist/ubi9/9/x86_64/appstream/os/Packages/g/glibc-headers-2.34-231.el9_7.2.x86_64.rpm
    repoid: ubi-9-appstream-rpms
    size: 558293
    checksum: sha256:f4405218c4527e240f0739ba1b63e8a653e74ef48e960c0e164da55eec8c51dc
    name: glibc-headers
    evr: 2.34-231.el9_7.2
    sourcerpm: glibc-2.34-231.el9_7.2.src.rpm
  - url: https://cdn-ubi.redhat.com/content/public/ubi/dist/ubi9/9/x86_64/appstream/os/Packages/k/kernel-headers-5.14.0-611.34.1.el9_7.x86_64.rpm
    repoid: ubi-9-appstream-rpms
    size: 3017565
    checksum: sha256:a44cd4df083740e6de10a546a6a549b5df55ef20063af9f9fdac2e290879a368
    name: kernel-headers
    evr: 5.14.0-611.34.1.el9_7
    sourcerpm: kernel-5.14.0-611.34.1.el9_7.src.rpm
  - url: https://cdn-ubi.redhat.com/content/public/ubi/dist/ubi9/9/x86_64/appstream/os/Packages/l/libmpc-1.2.1-4.el9.x86_64.rpm
    repoid: ubi-9-appstream-rpms
    size: 66075
    checksum: sha256:b97b4e98c3c6f41dcfc2ceb4ffa1aba7a338b7cfd9e6c4f63e3160dd3cc033d3
    name: libmpc
    evr: 1.2.1-4.el9
    sourcerpm: libmpc-1.2.1-4.el9.src.rpm
  - url: https://cdn-ubi.redhat.com/content/public/ubi/dist/ubi9/9/x86_64/appstream/os/Packages/l/libxcrypt-devel-4.4.18-3.el9.x86_64.rpm
    repoid: ubi-9-appstream-rpms
    size: 33101
    checksum: sha256:c1d171391a7d2e043a6953efd3df3e01edc9b4c6cdb54517e1608d204a5fce18
    name: libxcrypt-devel
    evr: 4.4.18-3.el9
    sourcerpm: libxcrypt-4.4.18-3.el9.src.rpm
  - url: https://cdn-ubi.redhat.com/content/public/ubi/dist/ubi9/9/x86_64/appstream/os/Packages/l/llvm-filesystem-20.1.8-3.el9.x86_64.rpm
    repoid: ubi-9-appstream-rpms
    size: 9374
    checksum: sha256:b1584007e959eddcba9b5c930ca001a741ce8c5db53b60c97a1eeb1483e0444c
    name: llvm-filesystem
    evr: 20.1.8-3.el9
    sourcerpm: llvm-20.1.8-3.el9.src.rpm
  - url: https://cdn-ubi.redhat.com/content/public/ubi/dist/ubi9/9/x86_64/appstream/os/Packages/l/llvm-libs-20.1.8-3.el9.x86_64.rpm
    repoid: ubi-9-appstream-rpms
    size: 31501653
    checksum: sha256:5ae29a9cf690992010987b3dfc8a249a869bfca8ae3a45178685411d7f70c358
    name: llvm-libs
    evr: 20.1.8-3.el9
    sourcerpm: llvm-20.1.8-3.el9.src.rpm
  - url: https://cdn-ubi.redhat.com/content/public/ubi/dist/ubi9/9/x86_64/appstream/os/Packages/r/rust-1.88.0-1.el9.x86_64.rpm
    repoid: ubi-9-appstream-rpms
    size: 30892199
    checksum: sha256:d976ea2f80c38598484e6e6e5501bc92f8581b94227dd554e0492bf5d2234f04
    name: rust
    evr: 1.88.0-1.el9
    sourcerpm: rust-1.88.0-1.el9.src.rpm
  - url: https://cdn-ubi.redhat.com/content/public/ubi/dist/ubi9/9/x86_64/appstream/os/Packages/r/rust-std-static-1.88.0-1.el9.x86_64.rpm
    repoid: ubi-9-appstream-rpms
    size: 41209382
    checksum: sha256:5ac616ad878773059445a8c8cbc8ee013541712b321435a9adff5989558a3227
    name: rust-std-static
    evr: 1.88.0-1.el9
    sourcerpm: rust-1.88.0-1.el9.src.rpm
  - url: https://cdn-ubi.redhat.com/content/public/ubi/dist/ubi9/9/x86_64/baseos/os/Packages/b/binutils-2.35.2-67.el9_7.1.x86_64.rpm
    repoid: ubi-9-baseos-rpms
    size: 4813551
    checksum: sha256:1e7ccdae7390ee9323971fef398e41687eb39ca06242ca1ab673ed8b31e99184
    name: binutils
    evr: 2.35.2-67.el9_7.1
    sourcerpm: binutils-2.35.2-67.el9_7.1.src.rpm
  - url: https://cdn-ubi.redhat.com/content/public/ubi/dist/ubi9/9/x86_64/baseos/os/Packages/b/binutils-gold-2.35.2-67.el9_7.1.x86_64.rpm
    repoid: ubi-9-baseos-rpms
    size: 751923
    checksum: sha256:9dbb88e0bacb4985c5ae21b002fc2a2b2ad316ad3d8bd18e5f5a79729e92e9ee
    name: binutils-gold
    evr: 2.35.2-67.el9_7.1
    sourcerpm: binutils-2.35.2-67.el9_7.1.src.rpm
  - url: https://cdn-ubi.redhat.com/content/public/ubi/dist/ubi9/9/x86_64/baseos/os/Packages/e/elfutils-debuginfod-client-0.193-1.el9.x86_64.rpm
    repoid: ubi-9-baseos-rpms
    size: 44629
    checksum: sha256:595b16ef65e5310e6091af8e9ff9dc378249ab3d739f7b02881b3eb33c9acce6
    name: elfutils-debuginfod-client
    evr: 0.193-1.el9
    sourcerpm: elfutils-0.193-1.el9.src.rpm
  - url: https://cdn-ubi.redhat.com/content/public/ubi/dist/ubi9/9/x86_64/baseos/os/Packages/l/libedit-3.1-38.20210216cvs.el9.x86_64.rpm
    repoid: ubi-9-baseos-rpms
    size: 109330
    checksum: sha256:9e41ff5754a5dca1308adf9617828934d56cb60d8d08f128f80e4328f69bc78c
    name: libedit
    evr: 3.1-38.20210216cvs.el9
    sourcerpm: libedit-3.1-38.20210216cvs.el9.src.rpm
  - url: https://cdn-ubi.redhat.com/content/public/ubi/dist/ubi9/9/x86_64/baseos/os/Packages/l/libpkgconf-1.7.3-10.el9.x86_64.rpm
    repoid: ubi-9-baseos-rpms
    size: 38387
    checksum: sha256:4feae5941b73640bd86b8d506a657cac5b770043db1464fbcd207721b2159dda
    name: libpkgconf
    evr: 1.7.3-10.el9
    sourcerpm: pkgconf-1.7.3-10.el9.src.rpm
  - url: https://cdn-ubi.redhat.com/content/public/ubi/dist/ubi9/9/x86_64/baseos/os/Packages/m/make-4.3-8.el9.x86_64.rpm
    repoid: ubi-9-baseos-rpms
    size: 553896
    checksum: sha256:561f0c2251e9217c81a6c88de4d2d9231a039aaab37e8a0d2559d36ce9fa85fd
    name: make
    evr: 1:4.3-8.el9
    sourcerpm: make-4.3-8.el9.src.rpm
  - url: https://cdn-ubi.redhat.com/content/public/ubi/dist/ubi9/9/x86_64/baseos/os/Packages/p/pkgconf-1.7.3-10.el9.x86_64.rpm
    repoid: ubi-9-baseos-rpms
    size: 45675
    checksum: sha256:bb47b4ecc499c308f41031a99e723827d152d5d750f59849d0c265d820944a26
    name: pkgconf
    evr: 1.7.3-10.el9
    sourcerpm: pkgconf-1.7.3-10.el9.src.rpm
  - url: https://cdn-ubi.redhat.com/content/public/ubi/dist/ubi9/9/x86_64/baseos/os/Packages/p/pkgconf-m4-1.7.3-10.el9.noarch.rpm
    repoid: ubi-9-baseos-rpms
    size: 16054
    checksum: sha256:91bafd6e06099451f60288327b275cfcc651822f6145176a157c6b0fa5131e02
    name: pkgconf-m4
    evr: 1.7.3-10.el9
    sourcerpm: pkgconf-1.7.3-10.el9.src.rpm
  - url: https://cdn-ubi.redhat.com/content/public/ubi/dist/ubi9/9/x86_64/baseos/os/Packages/p/pkgconf-pkg-config-1.7.3-10.el9.x86_64.rpm
    repoid: ubi-9-baseos-rpms
    size: 12438
    checksum: sha256:9a502d81d73d3303ceb53a06ad7ce525c97117ea64352174a33708bf3429283d
    name: pkgconf-pkg-config
    evr: 1.7.3-10.el9
    sourcerpm: pkgconf-1.7.3-10.el9.src.rpm
  source:
  - url: https://cdn-ubi.redhat.com/content/public/ubi/dist/ubi9/9/x86_64/appstream/source/SRPMS/Packages/l/libmpc-1.2.1-4.el9.src.rpm
    repoid: ubi-9-appstream-source
    size: 846236
    checksum: sha256:47774c27b65e63251f3a1cea99efbe8caed86448a573e34a44ab28ad88cc3ece
    name: libmpc
    evr: 1.2.1-4.el9
  - url: https://cdn-ubi.redhat.com/content/public/ubi/dist/ubi9/9/x86_64/appstream/source/SRPMS/Packages/l/llvm-20.1.8-3.el9.src.rpm
    repoid: ubi-9-appstream-source
    size: 147354701
    checksum: sha256:87daec5cb8d79fe25b2c9e48bac5ff63ca96f8d1fa7f7cfc8374605e80f39628
    name: llvm
    evr: 20.1.8-3.el9
  - url: https://cdn-ubi.redhat.com/content/public/ubi/dist/ubi9/9/x86_64/appstream/source/SRPMS/Packages/r/rust-1.88.0-1.el9.src.rpm
    repoid: ubi-9-appstream-source
    size: 284842616
    checksum: sha256:d20ea801b5d19e41896aae3023f0318b27250d00c53bd756a0ec6609f7eb540b
    name: rust
    evr: 1.88.0-1.el9
  - url: https://cdn-ubi.redhat.com/content/public/ubi/dist/ubi9/9/x86_64/baseos/source/SRPMS/Packages/b/binutils-2.35.2-67.el9_7.1.src.rpm
    repoid: ubi-9-baseos-source
    size: 22467636
    checksum: sha256:608cda02618ebba6cb42e2d56ca7cdab07c9cf7868be3ee2085eb36f01f18a5b
    name: binutils
    evr: 2.35.2-67.el9_7.1
  - url: https://cdn-ubi.redhat.com/content/public/ubi/dist/ubi9/9/x86_64/baseos/source/SRPMS/Packages/e/elfutils-0.193-1.el9.src.rpm
    repoid: ubi-9-baseos-source
    size: 12000622
    checksum: sha256:bc3e7c1e374a3756ced155ef6a556639415967b34adf643c8056323123e0281b
    name: elfutils
    evr: 0.193-1.el9
  - url: https://cdn-ubi.redhat.com/content/public/ubi/dist/ubi9/9/x86_64/baseos/source/SRPMS/Packages/g/gcc-11.5.0-11.el9.src.rpm
    repoid: ubi-9-baseos-source
    size: 81971986
    checksum: sha256:4ab595dc52e7a66f9cb067e55081e9ba4e2cb577187cf1ac9a2e92e07c295560
    name: gcc
    evr: 11.5.0-11.el9
  - url: https://cdn-ubi.redhat.com/content/public/ubi/dist/ubi9/9/x86_64/baseos/source/SRPMS/Packages/g/glibc-2.34-231.el9_7.2.src.rpm
    repoid: ubi-9-baseos-source
    size: 20247873
    checksum: sha256:a1638d70dfd1554dbcca0ef6187a3387bb36f6e2b8f484b553f52a4be15a2fd1
    name: glibc
    evr: 2.34-231.el9_7.2
  - url: https://cdn-ubi.redhat.com/content/public/ubi/dist/ubi9/9/x86_64/baseos/source/SRPMS/Packages/l/libedit-3.1-38.20210216cvs.el9.src.rpm
    repoid: ubi-9-baseos-source
    size: 531597
    checksum: sha256:067e19c3ad8c9254119e7918ef7d2af3c3d33d364d34016f4b65fb71eb1676b3
    name: libedit
    evr: 3.1-38.20210216cvs.el9
  - url: https://cdn-ubi.redhat.com/content/public/ubi/dist/ubi9/9/x86_64/baseos/source/SRPMS/Packages/l/libxcrypt-4.4.18-3.el9.src.rpm
    repoid: ubi-9-baseos-source
    size: 543970
    checksum: sha256:d18f72eb41ecd0370e2e47f1dc5774be54e9ff3b4dd333578017666c7c488f40
    name: libxcrypt
    evr: 4.4.18-3.el9
  - url: https://cdn-ubi.redhat.com/content/public/ubi/dist/ubi9/9/x86_64/baseos/source/SRPMS/Packages/m/make-4.3-8.el9.src.rpm
    repoid: ubi-9-baseos-source
    size: 2335546
    checksum: sha256:a5cc45d6c158b255cda528c496dbb8bc7783acb9898b97a39a1811230e102d7c
    name: make
    evr: 1:4.3-8.el9
  - url: https://cdn-ubi.redhat.com/content/public/ubi/dist/ubi9/9/x86_64/baseos/source/SRPMS/Packages/p/pkgconf-1.7.3-10.el9.src.rpm
    repoid: ubi-9-baseos-source
    size: 310904
    checksum: sha256:4d53718592b298ca7c49665b1f4e7bd32dcb42cad15c89345585da9f20d4fcae
    name: pkgconf
    evr: 1.7.3-10.el9
  module_metadata: []
